<?xml version="1.0" encoding="utf-8"?>
<Project ToolsVersion="4.0" xmlns="http://schemas.microsoft.com/developer/msbuild/2003">
  <ItemGroup>
    <Text Include="ReadMe.txt" />
  </ItemGroup>
  <ItemGroup>
    <ClCompile Include="CppTmm.cpp" />
    <ClCompile Include="Layer.cpp" />
    <ClCompile Include="AdditionalClasses.cpp" />
    <ClCompile Include="tmm.cpp" />
    <ClCompile Include="Common.cpp" />
    <ClCompile Include="Material.cpp" />
  </ItemGroup>
  <ItemGroup>
    <ClInclude Include="tmm.h" />
    <ClInclude Include="std_map_indexing_suite.hpp" />
    <ClInclude Include="Material.h" />
    <ClInclude Include="Common.h" />
  </ItemGroup>
</Project>