
Microsoft Visual Studio Solution File, Format Version 12.00
# Visual Studio 14
VisualStudioVersion = 14.0.25123.0
MinimumVisualStudioVersion = 10.0.40219.1
Project("{8BC9CEB8-8B4A-11D0-8D11-00A0C91BC942}") = "CppTmm", "CppTmm\CppTmm.vcxproj", "{446D2DE7-9A92-42FB-8E51-A8CA86387FE7}"
EndProject
Global
	GlobalSection(Performance) = preSolution
		HasPerformanceSessions = true
	EndGlobalSection
	GlobalSection(SolutionConfigurationPlatforms) = preSolution
		Debug|Win32 = Debug|Win32
		Debug|x64 = Debug|x64
		Release|Win32 = Release|Win32
		Release|x64 = Release|x64
	EndGlobalSection
	GlobalSection(ProjectConfigurationPlatforms) = postSolution
		{446D2DE7-9A92-42FB-8E51-A8CA86387FE7}.Debug|Win32.ActiveCfg = Debug|Win32
		{446D2DE7-9A92-42FB-8E51-A8CA86387FE7}.Debug|Win32.Build.0 = Debug|Win32
		{446D2DE7-9A92-42FB-8E51-A8CA86387FE7}.Debug|x64.ActiveCfg = Debug|x64
		{446D2DE7-9A92-42FB-8E51-A8CA86387FE7}.Debug|x64.Build.0 = Debug|x64
		{446D2DE7-9A92-42FB-8E51-A8CA86387FE7}.Release|Win32.ActiveCfg = Release|Win32
		{446D2DE7-9A92-42FB-8E51-A8CA86387FE7}.Release|Win32.Build.0 = Release|Win32
		{446D2DE7-9A92-42FB-8E51-A8CA86387FE7}.Release|x64.ActiveCfg = Release|x64
		{446D2DE7-9A92-42FB-8E51-A8CA86387FE7}.Release|x64.Build.0 = Release|x64
	EndGlobalSection
	GlobalSection(SolutionProperties) = preSolution
		HideSolutionNode = FALSE
	EndGlobalSection
EndGlobal
